
Microsoft Visual Studio Solution File, Format Version 12.00
# Visual Studio Version 17
VisualStudioVersion = 17.5.33516.290
MinimumVisualStudioVersion = 10.0.40219.1
Project("{FAE04EC0-301F-11D3-BF4B-00C04F79EFBC}") = "ConvertString", "ConvertString\ConvertString.csproj", "{C69BC1A3-674A-461E-BF23-3FCD33949656}"
EndProject
Global
	GlobalSection(SolutionConfigurationPlatforms) = preSolution
		Debug|Any CPU = Debug|Any CPU
		Release|Any CPU = Release|Any CPU
	EndGlobalSection
	GlobalSection(ProjectConfigurationPlatforms) = postSolution
		{C69BC1A3-674A-461E-BF23-3FCD33949656}.Debug|Any CPU.ActiveCfg = Debug|Any CPU
		{C69BC1A3-674A-461E-BF23-3FCD33949656}.Debug|Any CPU.Build.0 = Debug|Any CPU
		{C69BC1A3-674A-461E-BF23-3FCD33949656}.Release|Any CPU.ActiveCfg = Release|Any CPU
		{C69BC1A3-674A-461E-BF23-3FCD33949656}.Release|Any CPU.Build.0 = Release|Any CPU
	EndGlobalSection
	GlobalSection(SolutionProperties) = preSolution
		HideSolutionNode = FALSE
	EndGlobalSection
	GlobalSection(ExtensibilityGlobals) = postSolution
		SolutionGuid = {8A594CB8-6F75-4EC5-9290-FFD61D016CCE}
	EndGlobalSection
EndGlobal
